
Microsoft Visual Studio Solution File, Format Version 12.00
# Visual Studio Version 17
VisualStudioVersion = 17.1.32228.430
MinimumVisualStudioVersion = 10.0.40219.1
Project("{9A19103F-16F7-4668-BE54-9A1E7A4F7556}") = "BL", "BL\BL.csproj", "{55F6C6EA-CB2C-4DA5-9254-7BB79BEB4ED1}"
EndProject
Project("{9A19103F-16F7-4668-BE54-9A1E7A4F7556}") = "DL", "DL\DL.csproj", "{B241DD07-E1EB-4D6F-B9C8-086AD3AB53C4}"
EndProject
Project("{9A19103F-16F7-4668-BE54-9A1E7A4F7556}") = "ML", "ML\ML.csproj", "{1FBF4CD3-53C6-49C1-BB79-DD457EC73452}"
EndProject
Project("{FAE04EC0-301F-11D3-BF4B-00C04F79EFBC}") = "PL", "PL\PL.csproj", "{1DB6AB2C-4F3C-4AE2-86BF-3E30915F4286}"
EndProject
Global
	GlobalSection(SolutionConfigurationPlatforms) = preSolution
		Debug|Any CPU = Debug|Any CPU
		Release|Any CPU = Release|Any CPU
	EndGlobalSection
	GlobalSection(ProjectConfigurationPlatforms) = postSolution
		{55F6C6EA-CB2C-4DA5-9254-7BB79BEB4ED1}.Debug|Any CPU.ActiveCfg = Debug|Any CPU
		{55F6C6EA-CB2C-4DA5-9254-7BB79BEB4ED1}.Debug|Any CPU.Build.0 = Debug|Any CPU
		{55F6C6EA-CB2C-4DA5-9254-7BB79BEB4ED1}.Release|Any CPU.ActiveCfg = Release|Any CPU
		{55F6C6EA-CB2C-4DA5-9254-7BB79BEB4ED1}.Release|Any CPU.Build.0 = Release|Any CPU
		{B241DD07-E1EB-4D6F-B9C8-086AD3AB53C4}.Debug|Any CPU.ActiveCfg = Debug|Any CPU
		{B241DD07-E1EB-4D6F-B9C8-086AD3AB53C4}.Debug|Any CPU.Build.0 = Debug|Any CPU
		{B241DD07-E1EB-4D6F-B9C8-086AD3AB53C4}.Release|Any CPU.ActiveCfg = Release|Any CPU
		{B241DD07-E1EB-4D6F-B9C8-086AD3AB53C4}.Release|Any CPU.Build.0 = Release|Any CPU
		{1FBF4CD3-53C6-49C1-BB79-DD457EC73452}.Debug|Any CPU.ActiveCfg = Debug|Any CPU
		{1FBF4CD3-53C6-49C1-BB79-DD457EC73452}.Debug|Any CPU.Build.0 = Debug|Any CPU
		{1FBF4CD3-53C6-49C1-BB79-DD457EC73452}.Release|Any CPU.ActiveCfg = Release|Any CPU
		{1FBF4CD3-53C6-49C1-BB79-DD457EC73452}.Release|Any CPU.Build.0 = Release|Any CPU
		{1DB6AB2C-4F3C-4AE2-86BF-3E30915F4286}.Debug|Any CPU.ActiveCfg = Debug|Any CPU
		{1DB6AB2C-4F3C-4AE2-86BF-3E30915F4286}.Debug|Any CPU.Build.0 = Debug|Any CPU
		{1DB6AB2C-4F3C-4AE2-86BF-3E30915F4286}.Release|Any CPU.ActiveCfg = Release|Any CPU
		{1DB6AB2C-4F3C-4AE2-86BF-3E30915F4286}.Release|Any CPU.Build.0 = Release|Any CPU
	EndGlobalSection
	GlobalSection(SolutionProperties) = preSolution
		HideSolutionNode = FALSE
	EndGlobalSection
	GlobalSection(ExtensibilityGlobals) = postSolution
		SolutionGuid = {2593E164-2B91-46AA-BFD1-29FAB01FC7D4}
	EndGlobalSection
EndGlobal
